// !$*UTF8*$!
{
	archiveVersion = 1;
	classes = {
	};
	objectVersion = 50;
	objects = {

/* Begin PBXBuildFile section */
		3F0B92E42701767700E569DA /* AppDelegateListening.swift in Sources */ = {isa = PBXBuildFile; fileRef = 3F0B92E32701767700E569DA /* AppDelegateListening.swift */; };
		3F16B71926FCA7DE00F66700 /* AppDelegate.swift in Sources */ = {isa = PBXBuildFile; fileRef = 3F16B71826FCA7DE00F66700 /* AppDelegate.swift */; };
		3F16B71B26FCA7DE00F66700 /* StockListViewController.swift in Sources */ = {isa = PBXBuildFile; fileRef = 3F16B71A26FCA7DE00F66700 /* StockListViewController.swift */; };
		3F16B71E26FCA7DE00F66700 /* Main.storyboard in Resources */ = {isa = PBXBuildFile; fileRef = 3F16B71C26FCA7DE00F66700 /* Main.storyboard */; };
		3F16B72026FCA7E200F66700 /* Assets.xcassets in Resources */ = {isa = PBXBuildFile; fileRef = 3F16B71F26FCA7E200F66700 /* Assets.xcassets */; };
		3F16B72326FCA7E200F66700 /* LaunchScreen.storyboard in Resources */ = {isa = PBXBuildFile; fileRef = 3F16B72126FCA7E200F66700 /* LaunchScreen.storyboard */; };
		3F16B72B26FCCE7C00F66700 /* StockListViewModel.swift in Sources */ = {isa = PBXBuildFile; fileRef = 3F16B72A26FCCE7C00F66700 /* StockListViewModel.swift */; };
		3F16B72D26FCDDEC00F66700 /* ApiCaller.swift in Sources */ = {isa = PBXBuildFile; fileRef = 3F16B72C26FCDDEC00F66700 /* ApiCaller.swift */; };
		3F16B72F26FD6F4400F66700 /* FetchStockPriceDataManager.swift in Sources */ = {isa = PBXBuildFile; fileRef = 3F16B72E26FD6F4400F66700 /* FetchStockPriceDataManager.swift */; };
		3F16B73126FDA89C00F66700 /* StockListTableViewCell.swift in Sources */ = {isa = PBXBuildFile; fileRef = 3F16B73026FDA89C00F66700 /* StockListTableViewCell.swift */; };
		3F16B73326FDE27300F66700 /* HomeViewController.swift in Sources */ = {isa = PBXBuildFile; fileRef = 3F16B73226FDE27300F66700 /* HomeViewController.swift */; };
		3F16B73526FDE54200F66700 /* StockDetailViewController.swift in Sources */ = {isa = PBXBuildFile; fileRef = 3F16B73426FDE54200F66700 /* StockDetailViewController.swift */; };
		3F16B73926FDE70B00F66700 /* StockDetailViewModel.swift in Sources */ = {isa = PBXBuildFile; fileRef = 3F16B73826FDE70B00F66700 /* StockDetailViewModel.swift */; };
/* End PBXBuildFile section */

/* Begin PBXFileReference section */
		3F0B92E32701767700E569DA /* AppDelegateListening.swift */ = {isa = PBXFileReference; lastKnownFileType = sourcecode.swift; path = AppDelegateListening.swift; sourceTree = "<group>"; };
		3F16B71526FCA7DE00F66700 /* Robinhood.app */ = {isa = PBXFileReference; explicitFileType = wrapper.application; includeInIndex = 0; path = Robinhood.app; sourceTree = BUILT_PRODUCTS_DIR; };
		3F16B71826FCA7DE00F66700 /* AppDelegate.swift */ = {isa = PBXFileReference; lastKnownFileType = sourcecode.swift; path = AppDelegate.swift; sourceTree = "<group>"; };
		3F16B71A26FCA7DE00F66700 /* StockListViewController.swift */ = {isa = PBXFileReference; lastKnownFileType = sourcecode.swift; path = StockListViewController.swift; sourceTree = "<group>"; };
		3F16B71D26FCA7DE00F66700 /* Base */ = {isa = PBXFileReference; lastKnownFileType = file.storyboard; name = Base; path = Base.lproj/Main.storyboard; sourceTree = "<group>"; };
		3F16B71F26FCA7E200F66700 /* Assets.xcassets */ = {isa = PBXFileReference; lastKnownFileType = folder.assetcatalog; path = Assets.xcassets; sourceTree = "<group>"; };
		3F16B72226FCA7E200F66700 /* Base */ = {isa = PBXFileReference; lastKnownFileType = file.storyboard; name = Base; path = Base.lproj/LaunchScreen.storyboard; sourceTree = "<group>"; };
		3F16B72426FCA7E200F66700 /* Info.plist */ = {isa = PBXFileReference; lastKnownFileType = text.plist.xml; path = Info.plist; sourceTree = "<group>"; };
		3F16B72A26FCCE7C00F66700 /* StockListViewModel.swift */ = {isa = PBXFileReference; lastKnownFileType = sourcecode.swift; path = StockListViewModel.swift; sourceTree = "<group>"; };
		3F16B72C26FCDDEC00F66700 /* ApiCaller.swift */ = {isa = PBXFileReference; fileEncoding = 4; lastKnownFileType = sourcecode.swift; path = ApiCaller.swift; sourceTree = "<group>"; };
		3F16B72E26FD6F4400F66700 /* FetchStockPriceDataManager.swift */ = {isa = PBXFileReference; lastKnownFileType = sourcecode.swift; path = FetchStockPriceDataManager.swift; sourceTree = "<group>"; };
		3F16B73026FDA89C00F66700 /* StockListTableViewCell.swift */ = {isa = PBXFileReference; lastKnownFileType = sourcecode.swift; path = StockListTableViewCell.swift; sourceTree = "<group>"; };
		3F16B73226FDE27300F66700 /* HomeViewController.swift */ = {isa = PBXFileReference; lastKnownFileType = sourcecode.swift; path = HomeViewController.swift; sourceTree = "<group>"; };
		3F16B73426FDE54200F66700 /* StockDetailViewController.swift */ = {isa = PBXFileReference; lastKnownFileType = sourcecode.swift; path = StockDetailViewController.swift; sourceTree = "<group>"; };
		3F16B73826FDE70B00F66700 /* StockDetailViewModel.swift */ = {isa = PBXFileReference; lastKnownFileType = sourcecode.swift; path = StockDetailViewModel.swift; sourceTree = "<group>"; };
/* End PBXFileReference section */

/* Begin PBXFrameworksBuildPhase section */
		3F16B71226FCA7DE00F66700 /* Frameworks */ = {
			isa = PBXFrameworksBuildPhase;
			buildActionMask = 2147483647;
			files = (
			);
			runOnlyForDeploymentPostprocessing = 0;
		};
/* End PBXFrameworksBuildPhase section */

/* Begin PBXGroup section */
		3F16B70C26FCA7DE00F66700 = {
			isa = PBXGroup;
			children = (
				3F16B71726FCA7DE00F66700 /* Robinhood */,
				3F16B71626FCA7DE00F66700 /* Products */,
			);
			sourceTree = "<group>";
		};
		3F16B71626FCA7DE00F66700 /* Products */ = {
			isa = PBXGroup;
			children = (
				3F16B71526FCA7DE00F66700 /* Robinhood.app */,
			);
			name = Products;
			sourceTree = "<group>";
		};
		3F16B71726FCA7DE00F66700 /* Robinhood */ = {
			isa = PBXGroup;
			children = (
				3F16B71C26FCA7DE00F66700 /* Main.storyboard */,
				3F16B71F26FCA7E200F66700 /* Assets.xcassets */,
				3F16B72126FCA7E200F66700 /* LaunchScreen.storyboard */,
				3F16B72426FCA7E200F66700 /* Info.plist */,
				3F16B71826FCA7DE00F66700 /* AppDelegate.swift */,
				3F16B73226FDE27300F66700 /* HomeViewController.swift */,
				3F16B73A26FDEB3100F66700 /* Utilities */,
				3F16B73626FDE65B00F66700 /* StockList */,
				3F16B73726FDE6DD00F66700 /* StockDetail */,
			);
			path = Robinhood;
			sourceTree = "<group>";
		};
		3F16B73626FDE65B00F66700 /* StockList */ = {
			isa = PBXGroup;
			children = (
				3F16B72A26FCCE7C00F66700 /* StockListViewModel.swift */,
				3F16B71A26FCA7DE00F66700 /* StockListViewController.swift */,
				3F16B73026FDA89C00F66700 /* StockListTableViewCell.swift */,
			);
			path = StockList;
			sourceTree = "<group>";
		};
		3F16B73726FDE6DD00F66700 /* StockDetail */ = {
			isa = PBXGroup;
			children = (
				3F16B73426FDE54200F66700 /* StockDetailViewController.swift */,
				3F16B73826FDE70B00F66700 /* StockDetailViewModel.swift */,
			);
			path = StockDetail;
			sourceTree = "<group>";
		};
		3F16B73A26FDEB3100F66700 /* Utilities */ = {
			isa = PBXGroup;
			children = (
				3F0B92E32701767700E569DA /* AppDelegateListening.swift */,
				3F16B72C26FCDDEC00F66700 /* ApiCaller.swift */,
				3F16B72E26FD6F4400F66700 /* FetchStockPriceDataManager.swift */,
			);
			path = Utilities;
			sourceTree = "<group>";
		};
/* End PBXGroup section */

/* Begin PBXNativeTarget section */
		3F16B71426FCA7DE00F66700 /* Robinhood */ = {
			isa = PBXNativeTarget;
			buildConfigurationList = 3F16B72726FCA7E200F66700 /* Build configuration list for PBXNativeTarget "Robinhood" */;
			buildPhases = (
				3F16B71126FCA7DE00F66700 /* Sources */,
				3F16B71226FCA7DE00F66700 /* Frameworks */,
				3F16B71326FCA7DE00F66700 /* Resources */,
			);
			buildRules = (
			);
			dependencies = (
			);
			name = Robinhood;
			productName = AsyncMessaginng;
			productReference = 3F16B71526FCA7DE00F66700 /* Robinhood.app */;
			productType = "com.apple.product-type.application";
		};
/* End PBXNativeTarget section */

/* Begin PBXProject section */
		3F16B70D26FCA7DE00F66700 /* Project object */ = {
			isa = PBXProject;
			attributes = {
				LastSwiftUpdateCheck = 1010;
				LastUpgradeCheck = 1010;
				ORGANIZATIONNAME = "Hari Bista";
				TargetAttributes = {
					3F16B71426FCA7DE00F66700 = {
						CreatedOnToolsVersion = 10.1;
					};
				};
			};
			buildConfigurationList = 3F16B71026FCA7DE00F66700 /* Build configuration list for PBXProject "Robinhood" */;
			compatibilityVersion = "Xcode 9.3";
			developmentRegion = en;
			hasScannedForEncodings = 0;
			knownRegions = (
				en,
				Base,
			);
			mainGroup = 3F16B70C26FCA7DE00F66700;
			productRefGroup = 3F16B71626FCA7DE00F66700 /* Products */;
			projectDirPath = "";
			projectRoot = "";
			targets = (
				3F16B71426FCA7DE00F66700 /* Robinhood */,
			);
		};
/* End PBXProject section */

/* Begin PBXResourcesBuildPhase section */
		3F16B71326FCA7DE00F66700 /* Resources */ = {
			isa = PBXResourcesBuildPhase;
			buildActionMask = 2147483647;
			files = (
				3F16B72326FCA7E200F66700 /* LaunchScreen.storyboard in Resources */,
				3F16B72026FCA7E200F66700 /* Assets.xcassets in Resources */,
				3F16B71E26FCA7DE00F66700 /* Main.storyboard in Resources */,
			);
			runOnlyForDeploymentPostprocessing = 0;
		};
/* End PBXResourcesBuildPhase section */

/* Begin PBXSourcesBuildPhase section */
		3F16B71126FCA7DE00F66700 /* Sources */ = {
			isa = PBXSourcesBuildPhase;
			buildActionMask = 2147483647;
			files = (
				3F16B73526FDE54200F66700 /* StockDetailViewController.swift in Sources */,
				3F16B73126FDA89C00F66700 /* StockListTableViewCell.swift in Sources */,
				3F16B71B26FCA7DE00F66700 /* StockListViewController.swift in Sources */,
				3F16B73926FDE70B00F66700 /* StockDetailViewModel.swift in Sources */,
				3F16B72F26FD6F4400F66700 /* FetchStockPriceDataManager.swift in Sources */,
				3F16B71926FCA7DE00F66700 /* AppDelegate.swift in Sources */,
				3F0B92E42701767700E569DA /* AppDelegateListening.swift in Sources */,
				3F16B72B26FCCE7C00F66700 /* StockListViewModel.swift in Sources */,
				3F16B73326FDE27300F66700 /* HomeViewController.swift in Sources */,
				3F16B72D26FCDDEC00F66700 /* ApiCaller.swift in Sources */,
			);
			runOnlyForDeploymentPostprocessing = 0;
		};
/* End PBXSourcesBuildPhase section */

/* Begin PBXVariantGroup section */
		3F16B71C26FCA7DE00F66700 /* Main.storyboard */ = {
			isa = PBXVariantGroup;
			children = (
				3F16B71D26FCA7DE00F66700 /* Base */,
			);
			name = Main.storyboard;
			sourceTree = "<group>";
		};
		3F16B72126FCA7E200F66700 /* LaunchScreen.storyboard */ = {
			isa = PBXVariantGroup;
			children = (
				3F16B72226FCA7E200F66700 /* Base */,
			);
			name = LaunchScreen.storyboard;
			sourceTree = "<group>";
		};
/* End PBXVariantGroup section */

/* Begin XCBuildConfiguration section */
		3F16B72526FCA7E200F66700 /* Debug */ = {
			isa = XCBuildConfiguration;
			buildSettings = {
				ALWAYS_SEARCH_USER_PATHS = NO;
				CLANG_ANALYZER_NONNULL = YES;
				CLANG_ANALYZER_NUMBER_OBJECT_CONVERSION = YES_AGGRESSIVE;
				CLANG_CXX_LANGUAGE_STANDARD = "gnu++14";
				CLANG_CXX_LIBRARY = "libc++";
				CLANG_ENABLE_MODULES = YES;
				CLANG_ENABLE_OBJC_ARC = YES;
				CLANG_ENABLE_OBJC_WEAK = YES;
				CLANG_WARN_BLOCK_CAPTURE_AUTORELEASING = YES;
				CLANG_WARN_BOOL_CONVERSION = YES;
				CLANG_WARN_COMMA = YES;
				CLANG_WARN_CONSTANT_CONVERSION = YES;
				CLANG_WARN_DEPRECATED_OBJC_IMPLEMENTATIONS = YES;
				CLANG_WARN_DIRECT_OBJC_ISA_USAGE = YES_ERROR;
				CLANG_WARN_DOCUMENTATION_COMMENTS = YES;
				CLANG_WARN_EMPTY_BODY = YES;
				CLANG_WARN_ENUM_CONVERSION = YES;
				CLANG_WARN_INFINITE_RECURSION = YES;
				CLANG_WARN_INT_CONVERSION = YES;
				CLANG_WARN_NON_LITERAL_NULL_CONVERSION = YES;
				CLANG_WARN_OBJC_IMPLICIT_RETAIN_SELF = YES;
				CLANG_WARN_OBJC_LITERAL_CONVERSION = YES;
				CLANG_WARN_OBJC_ROOT_CLASS = YES_ERROR;
				CLANG_WARN_RANGE_LOOP_ANALYSIS = YES;
				CLANG_WARN_STRICT_PROTOTYPES = YES;
				CLANG_WARN_SUSPICIOUS_MOVE = YES;
				CLANG_WARN_UNGUARDED_AVAILABILITY = YES_AGGRESSIVE;
				CLANG_WARN_UNREACHABLE_CODE = YES;
				CLANG_WARN__DUPLICATE_METHOD_MATCH = YES;
				CODE_SIGN_IDENTITY = "iPhone Developer";
				COPY_PHASE_STRIP = NO;
				DEBUG_INFORMATION_FORMAT = dwarf;
				ENABLE_STRICT_OBJC_MSGSEND = YES;
				ENABLE_TESTABILITY = YES;
				GCC_C_LANGUAGE_STANDARD = gnu11;
				GCC_DYNAMIC_NO_PIC = NO;
				GCC_NO_COMMON_BLOCKS = YES;
				GCC_OPTIMIZATION_LEVEL = 0;
				GCC_PREPROCESSOR_DEFINITIONS = (
					"DEBUG=1",
					"$(inherited)",
				);
				GCC_WARN_64_TO_32_BIT_CONVERSION = YES;
				GCC_WARN_ABOUT_RETURN_TYPE = YES_ERROR;
				GCC_WARN_UNDECLARED_SELECTOR = YES;
				GCC_WARN_UNINITIALIZED_AUTOS = YES_AGGRESSIVE;
				GCC_WARN_UNUSED_FUNCTION = YES;
				GCC_WARN_UNUSED_VARIABLE = YES;
				IPHONEOS_DEPLOYMENT_TARGET = 12.1;
				MTL_ENABLE_DEBUG_INFO = INCLUDE_SOURCE;
				MTL_FAST_MATH = YES;
				ONLY_ACTIVE_ARCH = YES;
				SDKROOT = iphoneos;
				SWIFT_ACTIVE_COMPILATION_CONDITIONS = DEBUG;
				SWIFT_OPTIMIZATION_LEVEL = "-Onone";
			};
			name = Debug;
		};
		3F16B72626FCA7E200F66700 /* Release */ = {
			isa = XCBuildConfiguration;
			buildSettings = {
				ALWAYS_SEARCH_USER_PATHS = NO;
				CLANG_ANALYZER_NONNULL = YES;
				CLANG_ANALYZER_NUMBER_OBJECT_CONVERSION = YES_AGGRESSIVE;
				CLANG_CXX_LANGUAGE_STANDARD = "gnu++14";
				CLANG_CXX_LIBRARY = "libc++";
				CLANG_ENABLE_MODULES = YES;
				CLANG_ENABLE_OBJC_ARC = YES;
				CLANG_ENABLE_OBJC_WEAK = YES;
				CLANG_WARN_BLOCK_CAPTURE_AUTORELEASING = YES;
				CLANG_WARN_BOOL_CONVERSION = YES;
				CLANG_WARN_COMMA = YES;
				CLANG_WARN_CONSTANT_CONVERSION = YES;
				CLANG_WARN_DEPRECATED_OBJC_IMPLEMENTATIONS = YES;
				CLANG_WARN_DIRECT_OBJC_ISA_USAGE = YES_ERROR;
				CLANG_WARN_DOCUMENTATION_COMMENTS = YES;
				CLANG_WARN_EMPTY_BODY = YES;
				CLANG_WARN_ENUM_CONVERSION = YES;
				CLANG_WARN_INFINITE_RECURSION = YES;
				CLANG_WARN_INT_CONVERSION = YES;
				CLANG_WARN_NON_LITERAL_NULL_CONVERSION = YES;
				CLANG_WARN_OBJC_IMPLICIT_RETAIN_SELF = YES;
				CLANG_WARN_OBJC_LITERAL_CONVERSION = YES;
				CLANG_WARN_OBJC_ROOT_CLASS = YES_ERROR;
				CLANG_WARN_RANGE_LOOP_ANALYSIS = YES;
				CLANG_WARN_STRICT_PROTOTYPES = YES;
				CLANG_WARN_SUSPICIOUS_MOVE = YES;
				CLANG_WARN_UNGUARDED_AVAILABILITY = YES_AGGRESSIVE;
				CLANG_WARN_UNREACHABLE_CODE = YES;
				CLANG_WARN__DUPLICATE_METHOD_MATCH = YES;
				CODE_SIGN_IDENTITY = "iPhone Developer";
				COPY_PHASE_STRIP = NO;
				DEBUG_INFORMATION_FORMAT = "dwarf-with-dsym";
				ENABLE_NS_ASSERTIONS = NO;
				ENABLE_STRICT_OBJC_MSGSEND = YES;
				GCC_C_LANGUAGE_STANDARD = gnu11;
				GCC_NO_COMMON_BLOCKS = YES;
				GCC_WARN_64_TO_32_BIT_CONVERSION = YES;
				GCC_WARN_ABOUT_RETURN_TYPE = YES_ERROR;
				GCC_WARN_UNDECLARED_SELECTOR = YES;
				GCC_WARN_UNINITIALIZED_AUTOS = YES_AGGRESSIVE;
				GCC_WARN_UNUSED_FUNCTION = YES;
				GCC_WARN_UNUSED_VARIABLE = YES;
				IPHONEOS_DEPLOYMENT_TARGET = 12.1;
				MTL_ENABLE_DEBUG_INFO = NO;
				MTL_FAST_MATH = YES;
				SDKROOT = iphoneos;
				SWIFT_COMPILATION_MODE = wholemodule;
				SWIFT_OPTIMIZATION_LEVEL = "-O";
				VALIDATE_PRODUCT = YES;
			};
			name = Release;
		};
		3F16B72826FCA7E200F66700 /* Debug */ = {
			isa = XCBuildConfiguration;
			buildSettings = {
				ASSETCATALOG_COMPILER_APPICON_NAME = AppIcon;
				CODE_SIGN_STYLE = Manual;
				DEVELOPMENT_TEAM = "";
				INFOPLIST_FILE = Robinhood/Info.plist;
				IPHONEOS_DEPLOYMENT_TARGET = 12.1;
				LD_RUNPATH_SEARCH_PATHS = (
					"$(inherited)",
					"@executable_path/Frameworks",
				);
				PRODUCT_BUNDLE_IDENTIFIER = meroapp.Robinhood;
				PRODUCT_NAME = "$(TARGET_NAME)";
				PROVISIONING_PROFILE_SPECIFIER = "";
				SWIFT_VERSION = 4.2;
				TARGETED_DEVICE_FAMILY = "1,2";
			};
			name = Debug;
		};
		3F16B72926FCA7E200F66700 /* Release */ = {
			isa = XCBuildConfiguration;
			buildSettings = {
				ASSETCATALOG_COMPILER_APPICON_NAME = AppIcon;
				CODE_SIGN_STYLE = Manual;
				DEVELOPMENT_TEAM = "";
				INFOPLIST_FILE = Robinhood/Info.plist;
				IPHONEOS_DEPLOYMENT_TARGET = 12.1;
				LD_RUNPATH_SEARCH_PATHS = (
					"$(inherited)",
					"@executable_path/Frameworks",
				);
				PRODUCT_BUNDLE_IDENTIFIER = meroapp.Robinhood;
				PRODUCT_NAME = "$(TARGET_NAME)";
				PROVISIONING_PROFILE_SPECIFIER = "";
				SWIFT_VERSION = 4.2;
				TARGETED_DEVICE_FAMILY = "1,2";
			};
			name = Release;
		};
/* End XCBuildConfiguration section */

/* Begin XCConfigurationList section */
		3F16B71026FCA7DE00F66700 /* Build configuration list for PBXProject "Robinhood" */ = {
			isa = XCConfigurationList;
			buildConfigurations = (
				3F16B72526FCA7E200F66700 /* Debug */,
				3F16B72626FCA7E200F66700 /* Release */,
			);
			defaultConfigurationIsVisible = 0;
			defaultConfigurationName = Release;
		};
		3F16B72726FCA7E200F66700 /* Build configuration list for PBXNativeTarget "Robinhood" */ = {
			isa = XCConfigurationList;
			buildConfigurations = (
				3F16B72826FCA7E200F66700 /* Debug */,
				3F16B72926FCA7E200F66700 /* Release */,
			);
			defaultConfigurationIsVisible = 0;
			defaultConfigurationName = Release;
		};
/* End XCConfigurationList section */
	};
	rootObject = 3F16B70D26FCA7DE00F66700 /* Project object */;
}
